
Microsoft Visual Studio Solution File, Format Version 12.00
# Visual Studio Version 16
VisualStudioVersion = 16.0.29728.190
MinimumVisualStudioVersion = 10.0.40219.1
Project("{FAE04EC0-301F-11D3-BF4B-00C04F79EFBC}") = "RhMaster", "RhMaster\RhMaster.csproj", "{01EFE673-C45B-46CB-AC65-E907A6B4D6EB}"
EndProject
Global
	GlobalSection(SolutionConfigurationPlatforms) = preSolution
		Debug|Any CPU = Debug|Any CPU
		Release|Any CPU = Release|Any CPU
	EndGlobalSection
	GlobalSection(ProjectConfigurationPlatforms) = postSolution
		{01EFE673-C45B-46CB-AC65-E907A6B4D6EB}.Debug|Any CPU.ActiveCfg = Debug|Any CPU
		{01EFE673-C45B-46CB-AC65-E907A6B4D6EB}.Debug|Any CPU.Build.0 = Debug|Any CPU
		{01EFE673-C45B-46CB-AC65-E907A6B4D6EB}.Release|Any CPU.ActiveCfg = Release|Any CPU
		{01EFE673-C45B-46CB-AC65-E907A6B4D6EB}.Release|Any CPU.Build.0 = Release|Any CPU
	EndGlobalSection
	GlobalSection(SolutionProperties) = preSolution
		HideSolutionNode = FALSE
	EndGlobalSection
	GlobalSection(ExtensibilityGlobals) = postSolution
		SolutionGuid = {A289A1FF-E17A-460E-B951-DC2424F22B2F}
	EndGlobalSection
EndGlobal
